<?xml version="1.0" encoding="utf-8"?>
<Project ToolsVersion="4.0" xmlns="http://schemas.microsoft.com/developer/msbuild/2003">
  <ItemGroup>
    <ClCompile Include="App.cpp">
      <Filter>C++</Filter>
    </ClCompile>
    <ClCompile Include="Control.cpp">
      <Filter>C++</Filter>
    </ClCompile>
    <ClCompile Include="pch.cpp">
      <Filter>Build</Filter>
    </ClCompile>
  </ItemGroup>
  <ItemGroup>
    <ClInclude Include="pch.h">
      <Filter>Build</Filter>
    </ClInclude>
  </ItemGroup>
  <ItemGroup>
    <Image Include="Assets\Logo.scale-100.png">
      <Filter>Build</Filter>
    </Image>
    <Image Include="Assets\SmallLogo.scale-100.png">
      <Filter>Build</Filter>
    </Image>
    <Image Include="Assets\SplashScreen.scale-100.png">
      <Filter>Build</Filter>
    </Image>
    <Image Include="Assets\StoreLogo.scale-100.png">
      <Filter>Build</Filter>
    </Image>
    <Image Include="Assets\WideLogo.scale-100.png">
      <Filter>Build</Filter>
    </Image>
  </ItemGroup>
  <ItemGroup>
    <None Include="MainPage.xaml">
      <Filter>Xaml</Filter>
    </None>
    <None Include="Control.xaml">
      <Filter>Xaml</Filter>
    </None>
    <None Include="packages.config" />
  </ItemGroup>
  <ItemGroup>
    <Filter Include="Xaml">
      <UniqueIdentifier>{a5e9c609-6f68-4b72-81ed-edd401fe4b59}</UniqueIdentifier>
    </Filter>
    <Filter Include="Build">
      <UniqueIdentifier>{b0ef550b-cd09-40fa-a5a2-d9421d7a2d4d}</UniqueIdentifier>
    </Filter>
    <Filter Include="C++">
      <UniqueIdentifier>{317714d0-6187-44bc-aa86-34ea95240d81}</UniqueIdentifier>
    </Filter>
  </ItemGroup>
  <ItemGroup>
    <AppxManifest Include="Package.appxmanifest">
      <Filter>Build</Filter>
    </AppxManifest>
  </ItemGroup>
</Project>